
Microsoft Visual Studio Solution File, Format Version 12.00
Project("{FAE04EC0-301F-11D3-BF4B-00C04F79EFBC}") = "CiOnStart", "CiOnStart\CiOnStart.csproj", "{AFD30DB5-673E-449C-998A-A7941F3C9691}"
EndProject
Global
	GlobalSection(SolutionConfigurationPlatforms) = preSolution
		Debug|Any CPU = Debug|Any CPU
		Release|Any CPU = Release|Any CPU
	EndGlobalSection
	GlobalSection(ProjectConfigurationPlatforms) = postSolution
		{AFD30DB5-673E-449C-998A-A7941F3C9691}.Debug|Any CPU.ActiveCfg = Debug|Any CPU
		{AFD30DB5-673E-449C-998A-A7941F3C9691}.Debug|Any CPU.Build.0 = Debug|Any CPU
		{AFD30DB5-673E-449C-998A-A7941F3C9691}.Release|Any CPU.ActiveCfg = Release|Any CPU
		{AFD30DB5-673E-449C-998A-A7941F3C9691}.Release|Any CPU.Build.0 = Release|Any CPU
	EndGlobalSection
EndGlobal
